// !$*UTF8*$!
{
	archiveVersion = 1;
	classes = {
	};
	objectVersion = 50;
	objects = {

/* Begin PBXBuildFile section */
		9336516321AE76EE00871AB4 /* AppDelegate.swift in Sources */ = {isa = PBXBuildFile; fileRef = 9336516221AE76EE00871AB4 /* AppDelegate.swift */; };
		9336516521AE76EE00871AB4 /* PlacesViewController.swift in Sources */ = {isa = PBXBuildFile; fileRef = 9336516421AE76EE00871AB4 /* PlacesViewController.swift */; };
		9336516821AE76EE00871AB4 /* Main.storyboard in Resources */ = {isa = PBXBuildFile; fileRef = 9336516621AE76EE00871AB4 /* Main.storyboard */; };
		9336516A21AE76F000871AB4 /* Assets.xcassets in Resources */ = {isa = PBXBuildFile; fileRef = 9336516921AE76F000871AB4 /* Assets.xcassets */; };
		9336516D21AE76F000871AB4 /* LaunchScreen.storyboard in Resources */ = {isa = PBXBuildFile; fileRef = 9336516B21AE76F000871AB4 /* LaunchScreen.storyboard */; };
		9336517E21AE780E00871AB4 /* QuadratTouch.framework in CopyFiles */ = {isa = PBXBuildFile; fileRef = 9336517C21AE77EF00871AB4 /* QuadratTouch.framework */; settings = {ATTRIBUTES = (CodeSignOnCopy, RemoveHeadersOnCopy, ); }; };
		9336518121AE79D300871AB4 /* MapKit.framework in Frameworks */ = {isa = PBXBuildFile; fileRef = 9336518021AE79D200871AB4 /* MapKit.framework */; };
/* End PBXBuildFile section */

/* Begin PBXContainerItemProxy section */
		9336517921AE77EF00871AB4 /* PBXContainerItemProxy */ = {
			isa = PBXContainerItemProxy;
			containerPortal = 9336517421AE77EF00871AB4 /* Quadrat.xcodeproj */;
			proxyType = 2;
			remoteGlobalIDString = 476B70891A0EBAE700AFAC33;
			remoteInfo = Quadrat;
		};
		9336517B21AE77EF00871AB4 /* PBXContainerItemProxy */ = {
			isa = PBXContainerItemProxy;
			containerPortal = 9336517421AE77EF00871AB4 /* Quadrat.xcodeproj */;
			proxyType = 2;
			remoteGlobalIDString = 476B70DA1A0EBBA500AFAC33;
			remoteInfo = QuadratTouch;
		};
/* End PBXContainerItemProxy section */

/* Begin PBXCopyFilesBuildPhase section */
		9336517D21AE780000871AB4 /* CopyFiles */ = {
			isa = PBXCopyFilesBuildPhase;
			buildActionMask = 2147483647;
			dstPath = "";
			dstSubfolderSpec = 7;
			files = (
				9336517E21AE780E00871AB4 /* QuadratTouch.framework in CopyFiles */,
			);
			runOnlyForDeploymentPostprocessing = 0;
		};
/* End PBXCopyFilesBuildPhase section */

/* Begin PBXFileReference section */
		9336515F21AE76EE00871AB4 /* PlacesApp.app */ = {isa = PBXFileReference; explicitFileType = wrapper.application; includeInIndex = 0; path = PlacesApp.app; sourceTree = BUILT_PRODUCTS_DIR; };
		9336516221AE76EE00871AB4 /* AppDelegate.swift */ = {isa = PBXFileReference; lastKnownFileType = sourcecode.swift; path = AppDelegate.swift; sourceTree = "<group>"; };
		9336516421AE76EE00871AB4 /* PlacesViewController.swift */ = {isa = PBXFileReference; lastKnownFileType = sourcecode.swift; path = PlacesViewController.swift; sourceTree = "<group>"; };
		9336516721AE76EE00871AB4 /* Base */ = {isa = PBXFileReference; lastKnownFileType = file.storyboard; name = Base; path = Base.lproj/Main.storyboard; sourceTree = "<group>"; };
		9336516921AE76F000871AB4 /* Assets.xcassets */ = {isa = PBXFileReference; lastKnownFileType = folder.assetcatalog; path = Assets.xcassets; sourceTree = "<group>"; };
		9336516C21AE76F000871AB4 /* Base */ = {isa = PBXFileReference; lastKnownFileType = file.storyboard; name = Base; path = Base.lproj/LaunchScreen.storyboard; sourceTree = "<group>"; };
		9336516E21AE76F000871AB4 /* Info.plist */ = {isa = PBXFileReference; lastKnownFileType = text.plist.xml; path = Info.plist; sourceTree = "<group>"; };
		9336517421AE77EF00871AB4 /* Quadrat.xcodeproj */ = {isa = PBXFileReference; lastKnownFileType = "wrapper.pb-project"; name = Quadrat.xcodeproj; path = "das-quadrat/Source/Quadrat.xcodeproj"; sourceTree = SOURCE_ROOT; };
		9336518021AE79D200871AB4 /* MapKit.framework */ = {isa = PBXFileReference; lastKnownFileType = wrapper.framework; name = MapKit.framework; path = System/Library/Frameworks/MapKit.framework; sourceTree = SDKROOT; };
/* End PBXFileReference section */

/* Begin PBXFrameworksBuildPhase section */
		9336515C21AE76EE00871AB4 /* Frameworks */ = {
			isa = PBXFrameworksBuildPhase;
			buildActionMask = 2147483647;
			files = (
				9336518121AE79D300871AB4 /* MapKit.framework in Frameworks */,
			);
			runOnlyForDeploymentPostprocessing = 0;
		};
/* End PBXFrameworksBuildPhase section */

/* Begin PBXGroup section */
		9336515621AE76EE00871AB4 = {
			isa = PBXGroup;
			children = (
				9336516121AE76EE00871AB4 /* PlacesApp */,
				9336516021AE76EE00871AB4 /* Products */,
				9336517F21AE79D200871AB4 /* Frameworks */,
			);
			sourceTree = "<group>";
		};
		9336516021AE76EE00871AB4 /* Products */ = {
			isa = PBXGroup;
			children = (
				9336515F21AE76EE00871AB4 /* PlacesApp.app */,
			);
			name = Products;
			sourceTree = "<group>";
		};
		9336516121AE76EE00871AB4 /* PlacesApp */ = {
			isa = PBXGroup;
			children = (
				9336516221AE76EE00871AB4 /* AppDelegate.swift */,
				9336516421AE76EE00871AB4 /* PlacesViewController.swift */,
				9336516621AE76EE00871AB4 /* Main.storyboard */,
				9336516921AE76F000871AB4 /* Assets.xcassets */,
				9336516B21AE76F000871AB4 /* LaunchScreen.storyboard */,
				9336516E21AE76F000871AB4 /* Info.plist */,
				9336517421AE77EF00871AB4 /* Quadrat.xcodeproj */,
			);
			path = PlacesApp;
			sourceTree = "<group>";
		};
		9336517521AE77EF00871AB4 /* Products */ = {
			isa = PBXGroup;
			children = (
				9336517A21AE77EF00871AB4 /* Quadrat.framework */,
				9336517C21AE77EF00871AB4 /* QuadratTouch.framework */,
			);
			name = Products;
			sourceTree = "<group>";
		};
		9336517F21AE79D200871AB4 /* Frameworks */ = {
			isa = PBXGroup;
			children = (
				9336518021AE79D200871AB4 /* MapKit.framework */,
			);
			name = Frameworks;
			sourceTree = "<group>";
		};
/* End PBXGroup section */

/* Begin PBXNativeTarget section */
		9336515E21AE76EE00871AB4 /* PlacesApp */ = {
			isa = PBXNativeTarget;
			buildConfigurationList = 9336517121AE76F000871AB4 /* Build configuration list for PBXNativeTarget "PlacesApp" */;
			buildPhases = (
				9336515B21AE76EE00871AB4 /* Sources */,
				9336515C21AE76EE00871AB4 /* Frameworks */,
				9336515D21AE76EE00871AB4 /* Resources */,
				9336517D21AE780000871AB4 /* CopyFiles */,
			);
			buildRules = (
			);
			dependencies = (
			);
			name = PlacesApp;
			productName = PlacesApp;
			productReference = 9336515F21AE76EE00871AB4 /* PlacesApp.app */;
			productType = "com.apple.product-type.application";
		};
/* End PBXNativeTarget section */

/* Begin PBXProject section */
		9336515721AE76EE00871AB4 /* Project object */ = {
			isa = PBXProject;
			attributes = {
				LastSwiftUpdateCheck = 1010;
				LastUpgradeCheck = 1010;
				ORGANIZATIONNAME = zombietux;
				TargetAttributes = {
					9336515E21AE76EE00871AB4 = {
						CreatedOnToolsVersion = 10.1;
					};
				};
			};
			buildConfigurationList = 9336515A21AE76EE00871AB4 /* Build configuration list for PBXProject "PlacesApp" */;
			compatibilityVersion = "Xcode 9.3";
			developmentRegion = en;
			hasScannedForEncodings = 0;
			knownRegions = (
				en,
				Base,
			);
			mainGroup = 9336515621AE76EE00871AB4;
			productRefGroup = 9336516021AE76EE00871AB4 /* Products */;
			projectDirPath = "";
			projectReferences = (
				{
					ProductGroup = 9336517521AE77EF00871AB4 /* Products */;
					ProjectRef = 9336517421AE77EF00871AB4 /* Quadrat.xcodeproj */;
				},
			);
			projectRoot = "";
			targets = (
				9336515E21AE76EE00871AB4 /* PlacesApp */,
			);
		};
/* End PBXProject section */

/* Begin PBXReferenceProxy section */
		9336517A21AE77EF00871AB4 /* Quadrat.framework */ = {
			isa = PBXReferenceProxy;
			fileType = wrapper.framework;
			path = Quadrat.framework;
			remoteRef = 9336517921AE77EF00871AB4 /* PBXContainerItemProxy */;
			sourceTree = BUILT_PRODUCTS_DIR;
		};
		9336517C21AE77EF00871AB4 /* QuadratTouch.framework */ = {
			isa = PBXReferenceProxy;
			fileType = wrapper.framework;
			path = QuadratTouch.framework;
			remoteRef = 9336517B21AE77EF00871AB4 /* PBXContainerItemProxy */;
			sourceTree = BUILT_PRODUCTS_DIR;
		};
/* End PBXReferenceProxy section */

/* Begin PBXResourcesBuildPhase section */
		9336515D21AE76EE00871AB4 /* Resources */ = {
			isa = PBXResourcesBuildPhase;
			buildActionMask = 2147483647;
			files = (
				9336516D21AE76F000871AB4 /* LaunchScreen.storyboard in Resources */,
				9336516A21AE76F000871AB4 /* Assets.xcassets in Resources */,
				9336516821AE76EE00871AB4 /* Main.storyboard in Resources */,
			);
			runOnlyForDeploymentPostprocessing = 0;
		};
/* End PBXResourcesBuildPhase section */

/* Begin PBXSourcesBuildPhase section */
		9336515B21AE76EE00871AB4 /* Sources */ = {
			isa = PBXSourcesBuildPhase;
			buildActionMask = 2147483647;
			files = (
				9336516521AE76EE00871AB4 /* PlacesViewController.swift in Sources */,
				9336516321AE76EE00871AB4 /* AppDelegate.swift in Sources */,
			);
			runOnlyForDeploymentPostprocessing = 0;
		};
/* End PBXSourcesBuildPhase section */

/* Begin PBXVariantGroup section */
		9336516621AE76EE00871AB4 /* Main.storyboard */ = {
			isa = PBXVariantGroup;
			children = (
				9336516721AE76EE00871AB4 /* Base */,
			);
			name = Main.storyboard;
			sourceTree = "<group>";
		};
		9336516B21AE76F000871AB4 /* LaunchScreen.storyboard */ = {
			isa = PBXVariantGroup;
			children = (
				9336516C21AE76F000871AB4 /* Base */,
			);
			name = LaunchScreen.storyboard;
			sourceTree = "<group>";
		};
/* End PBXVariantGroup section */

/* Begin XCBuildConfiguration section */
		9336516F21AE76F000871AB4 /* Debug */ = {
			isa = XCBuildConfiguration;
			buildSettings = {
				ALWAYS_SEARCH_USER_PATHS = NO;
				CLANG_ANALYZER_NONNULL = YES;
				CLANG_ANALYZER_NUMBER_OBJECT_CONVERSION = YES_AGGRESSIVE;
				CLANG_CXX_LANGUAGE_STANDARD = "gnu++14";
				CLANG_CXX_LIBRARY = "libc++";
				CLANG_ENABLE_MODULES = YES;
				CLANG_ENABLE_OBJC_ARC = YES;
				CLANG_ENABLE_OBJC_WEAK = YES;
				CLANG_WARN_BLOCK_CAPTURE_AUTORELEASING = YES;
				CLANG_WARN_BOOL_CONVERSION = YES;
				CLANG_WARN_COMMA = YES;
				CLANG_WARN_CONSTANT_CONVERSION = YES;
				CLANG_WARN_DEPRECATED_OBJC_IMPLEMENTATIONS = YES;
				CLANG_WARN_DIRECT_OBJC_ISA_USAGE = YES_ERROR;
				CLANG_WARN_DOCUMENTATION_COMMENTS = YES;
				CLANG_WARN_EMPTY_BODY = YES;
				CLANG_WARN_ENUM_CONVERSION = YES;
				CLANG_WARN_INFINITE_RECURSION = YES;
				CLANG_WARN_INT_CONVERSION = YES;
				CLANG_WARN_NON_LITERAL_NULL_CONVERSION = YES;
				CLANG_WARN_OBJC_IMPLICIT_RETAIN_SELF = YES;
				CLANG_WARN_OBJC_LITERAL_CONVERSION = YES;
				CLANG_WARN_OBJC_ROOT_CLASS = YES_ERROR;
				CLANG_WARN_RANGE_LOOP_ANALYSIS = YES;
				CLANG_WARN_STRICT_PROTOTYPES = YES;
				CLANG_WARN_SUSPICIOUS_MOVE = YES;
				CLANG_WARN_UNGUARDED_AVAILABILITY = YES_AGGRESSIVE;
				CLANG_WARN_UNREACHABLE_CODE = YES;
				CLANG_WARN__DUPLICATE_METHOD_MATCH = YES;
				CODE_SIGN_IDENTITY = "iPhone Developer";
				COPY_PHASE_STRIP = NO;
				DEBUG_INFORMATION_FORMAT = dwarf;
				ENABLE_STRICT_OBJC_MSGSEND = YES;
				ENABLE_TESTABILITY = YES;
				GCC_C_LANGUAGE_STANDARD = gnu11;
				GCC_DYNAMIC_NO_PIC = NO;
				GCC_NO_COMMON_BLOCKS = YES;
				GCC_OPTIMIZATION_LEVEL = 0;
				GCC_PREPROCESSOR_DEFINITIONS = (
					"DEBUG=1",
					"$(inherited)",
				);
				GCC_WARN_64_TO_32_BIT_CONVERSION = YES;
				GCC_WARN_ABOUT_RETURN_TYPE = YES_ERROR;
				GCC_WARN_UNDECLARED_SELECTOR = YES;
				GCC_WARN_UNINITIALIZED_AUTOS = YES_AGGRESSIVE;
				GCC_WARN_UNUSED_FUNCTION = YES;
				GCC_WARN_UNUSED_VARIABLE = YES;
				IPHONEOS_DEPLOYMENT_TARGET = 12.1;
				MTL_ENABLE_DEBUG_INFO = INCLUDE_SOURCE;
				MTL_FAST_MATH = YES;
				ONLY_ACTIVE_ARCH = YES;
				SDKROOT = iphoneos;
				SWIFT_ACTIVE_COMPILATION_CONDITIONS = DEBUG;
				SWIFT_OPTIMIZATION_LEVEL = "-Onone";
			};
			name = Debug;
		};
		9336517021AE76F000871AB4 /* Release */ = {
			isa = XCBuildConfiguration;
			buildSettings = {
				ALWAYS_SEARCH_USER_PATHS = NO;
				CLANG_ANALYZER_NONNULL = YES;
				CLANG_ANALYZER_NUMBER_OBJECT_CONVERSION = YES_AGGRESSIVE;
				CLANG_CXX_LANGUAGE_STANDARD = "gnu++14";
				CLANG_CXX_LIBRARY = "libc++";
				CLANG_ENABLE_MODULES = YES;
				CLANG_ENABLE_OBJC_ARC = YES;
				CLANG_ENABLE_OBJC_WEAK = YES;
				CLANG_WARN_BLOCK_CAPTURE_AUTORELEASING = YES;
				CLANG_WARN_BOOL_CONVERSION = YES;
				CLANG_WARN_COMMA = YES;
				CLANG_WARN_CONSTANT_CONVERSION = YES;
				CLANG_WARN_DEPRECATED_OBJC_IMPLEMENTATIONS = YES;
				CLANG_WARN_DIRECT_OBJC_ISA_USAGE = YES_ERROR;
				CLANG_WARN_DOCUMENTATION_COMMENTS = YES;
				CLANG_WARN_EMPTY_BODY = YES;
				CLANG_WARN_ENUM_CONVERSION = YES;
				CLANG_WARN_INFINITE_RECURSION = YES;
				CLANG_WARN_INT_CONVERSION = YES;
				CLANG_WARN_NON_LITERAL_NULL_CONVERSION = YES;
				CLANG_WARN_OBJC_IMPLICIT_RETAIN_SELF = YES;
				CLANG_WARN_OBJC_LITERAL_CONVERSION = YES;
				CLANG_WARN_OBJC_ROOT_CLASS = YES_ERROR;
				CLANG_WARN_RANGE_LOOP_ANALYSIS = YES;
				CLANG_WARN_STRICT_PROTOTYPES = YES;
				CLANG_WARN_SUSPICIOUS_MOVE = YES;
				CLANG_WARN_UNGUARDED_AVAILABILITY = YES_AGGRESSIVE;
				CLANG_WARN_UNREACHABLE_CODE = YES;
				CLANG_WARN__DUPLICATE_METHOD_MATCH = YES;
				CODE_SIGN_IDENTITY = "iPhone Developer";
				COPY_PHASE_STRIP = NO;
				DEBUG_INFORMATION_FORMAT = "dwarf-with-dsym";
				ENABLE_NS_ASSERTIONS = NO;
				ENABLE_STRICT_OBJC_MSGSEND = YES;
				GCC_C_LANGUAGE_STANDARD = gnu11;
				GCC_NO_COMMON_BLOCKS = YES;
				GCC_WARN_64_TO_32_BIT_CONVERSION = YES;
				GCC_WARN_ABOUT_RETURN_TYPE = YES_ERROR;
				GCC_WARN_UNDECLARED_SELECTOR = YES;
				GCC_WARN_UNINITIALIZED_AUTOS = YES_AGGRESSIVE;
				GCC_WARN_UNUSED_FUNCTION = YES;
				GCC_WARN_UNUSED_VARIABLE = YES;
				IPHONEOS_DEPLOYMENT_TARGET = 12.1;
				MTL_ENABLE_DEBUG_INFO = NO;
				MTL_FAST_MATH = YES;
				SDKROOT = iphoneos;
				SWIFT_COMPILATION_MODE = wholemodule;
				SWIFT_OPTIMIZATION_LEVEL = "-O";
				VALIDATE_PRODUCT = YES;
			};
			name = Release;
		};
		9336517221AE76F000871AB4 /* Debug */ = {
			isa = XCBuildConfiguration;
			buildSettings = {
				ASSETCATALOG_COMPILER_APPICON_NAME = AppIcon;
				CODE_SIGN_STYLE = Automatic;
				DEVELOPMENT_TEAM = 8G43M5CX79;
				INFOPLIST_FILE = PlacesApp/Info.plist;
				LD_RUNPATH_SEARCH_PATHS = (
					"$(inherited)",
					"@executable_path/Frameworks",
				);
				PRODUCT_BUNDLE_IDENTIFIER = kr.zombietux.PlacesApp;
				PRODUCT_NAME = "$(TARGET_NAME)";
				SWIFT_VERSION = 4.2;
				TARGETED_DEVICE_FAMILY = "1,2";
			};
			name = Debug;
		};
		9336517321AE76F000871AB4 /* Release */ = {
			isa = XCBuildConfiguration;
			buildSettings = {
				ASSETCATALOG_COMPILER_APPICON_NAME = AppIcon;
				CODE_SIGN_STYLE = Automatic;
				DEVELOPMENT_TEAM = 8G43M5CX79;
				INFOPLIST_FILE = PlacesApp/Info.plist;
				LD_RUNPATH_SEARCH_PATHS = (
					"$(inherited)",
					"@executable_path/Frameworks",
				);
				PRODUCT_BUNDLE_IDENTIFIER = kr.zombietux.PlacesApp;
				PRODUCT_NAME = "$(TARGET_NAME)";
				SWIFT_VERSION = 4.2;
				TARGETED_DEVICE_FAMILY = "1,2";
			};
			name = Release;
		};
/* End XCBuildConfiguration section */

/* Begin XCConfigurationList section */
		9336515A21AE76EE00871AB4 /* Build configuration list for PBXProject "PlacesApp" */ = {
			isa = XCConfigurationList;
			buildConfigurations = (
				9336516F21AE76F000871AB4 /* Debug */,
				9336517021AE76F000871AB4 /* Release */,
			);
			defaultConfigurationIsVisible = 0;
			defaultConfigurationName = Release;
		};
		9336517121AE76F000871AB4 /* Build configuration list for PBXNativeTarget "PlacesApp" */ = {
			isa = XCConfigurationList;
			buildConfigurations = (
				9336517221AE76F000871AB4 /* Debug */,
				9336517321AE76F000871AB4 /* Release */,
			);
			defaultConfigurationIsVisible = 0;
			defaultConfigurationName = Release;
		};
/* End XCConfigurationList section */
	};
	rootObject = 9336515721AE76EE00871AB4 /* Project object */;
}
